// !$*UTF8*$!
{
	archiveVersion = 1;
	classes = {
	};
	objectVersion = 48;
	objects = {

/* Begin PBXBuildFile section */
		0A0FBBA820C8EAC800E6A665 /* 1.jpg in Resources */ = {isa = PBXBuildFile; fileRef = 0A0FBBA720C8EAC800E6A665 /* 1.jpg */; };
		EA41CD1B207CADD7000CE4E5 /* AppDelegate.m in Sources */ = {isa = PBXBuildFile; fileRef = EA41CD1A207CADD7000CE4E5 /* AppDelegate.m */; };
		EA41CD1E207CADD7000CE4E5 /* ViewController.m in Sources */ = {isa = PBXBuildFile; fileRef = EA41CD1D207CADD7000CE4E5 /* ViewController.m */; };
		EA41CD21207CADD7000CE4E5 /* Main.storyboard in Resources */ = {isa = PBXBuildFile; fileRef = EA41CD1F207CADD7000CE4E5 /* Main.storyboard */; };
		EA41CD23207CADD7000CE4E5 /* Assets.xcassets in Resources */ = {isa = PBXBuildFile; fileRef = EA41CD22207CADD7000CE4E5 /* Assets.xcassets */; };
		EA41CD26207CADD7000CE4E5 /* LaunchScreen.storyboard in Resources */ = {isa = PBXBuildFile; fileRef = EA41CD24207CADD7000CE4E5 /* LaunchScreen.storyboard */; };
		EA41CD29207CADD7000CE4E5 /* main.m in Sources */ = {isa = PBXBuildFile; fileRef = EA41CD28207CADD7000CE4E5 /* main.m */; };
		EA41CD33207CADD7000CE4E5 /* TestDemoTests.m in Sources */ = {isa = PBXBuildFile; fileRef = EA41CD32207CADD7000CE4E5 /* TestDemoTests.m */; };
		EA41CD3E207CADD8000CE4E5 /* TestDemoUITests.m in Sources */ = {isa = PBXBuildFile; fileRef = EA41CD3D207CADD8000CE4E5 /* TestDemoUITests.m */; };
/* End PBXBuildFile section */

/* Begin PBXContainerItemProxy section */
		EA41CD2F207CADD7000CE4E5 /* PBXContainerItemProxy */ = {
			isa = PBXContainerItemProxy;
			containerPortal = EA41CD0E207CADD7000CE4E5 /* Project object */;
			proxyType = 1;
			remoteGlobalIDString = EA41CD15207CADD7000CE4E5;
			remoteInfo = TestDemo;
		};
		EA41CD3A207CADD8000CE4E5 /* PBXContainerItemProxy */ = {
			isa = PBXContainerItemProxy;
			containerPortal = EA41CD0E207CADD7000CE4E5 /* Project object */;
			proxyType = 1;
			remoteGlobalIDString = EA41CD15207CADD7000CE4E5;
			remoteInfo = TestDemo;
		};
/* End PBXContainerItemProxy section */

/* Begin PBXFileReference section */
		0A0FBBA720C8EAC800E6A665 /* 1.jpg */ = {isa = PBXFileReference; lastKnownFileType = image.jpeg; name = 1.jpg; path = ../../../../Downloads/1.jpg; sourceTree = "<group>"; };
		EA41CD16207CADD7000CE4E5 /* TestDemo.app */ = {isa = PBXFileReference; explicitFileType = wrapper.application; includeInIndex = 0; path = TestDemo.app; sourceTree = BUILT_PRODUCTS_DIR; };
		EA41CD19207CADD7000CE4E5 /* AppDelegate.h */ = {isa = PBXFileReference; lastKnownFileType = sourcecode.c.h; path = AppDelegate.h; sourceTree = "<group>"; };
		EA41CD1A207CADD7000CE4E5 /* AppDelegate.m */ = {isa = PBXFileReference; lastKnownFileType = sourcecode.c.objc; path = AppDelegate.m; sourceTree = "<group>"; };
		EA41CD1C207CADD7000CE4E5 /* ViewController.h */ = {isa = PBXFileReference; lastKnownFileType = sourcecode.c.h; path = ViewController.h; sourceTree = "<group>"; };
		EA41CD1D207CADD7000CE4E5 /* ViewController.m */ = {isa = PBXFileReference; lastKnownFileType = sourcecode.c.objc; path = ViewController.m; sourceTree = "<group>"; };
		EA41CD20207CADD7000CE4E5 /* Base */ = {isa = PBXFileReference; lastKnownFileType = file.storyboard; name = Base; path = Base.lproj/Main.storyboard; sourceTree = "<group>"; };
		EA41CD22207CADD7000CE4E5 /* Assets.xcassets */ = {isa = PBXFileReference; lastKnownFileType = folder.assetcatalog; path = Assets.xcassets; sourceTree = "<group>"; };
		EA41CD25207CADD7000CE4E5 /* Base */ = {isa = PBXFileReference; lastKnownFileType = file.storyboard; name = Base; path = Base.lproj/LaunchScreen.storyboard; sourceTree = "<group>"; };
		EA41CD27207CADD7000CE4E5 /* Info.plist */ = {isa = PBXFileReference; lastKnownFileType = text.plist.xml; path = Info.plist; sourceTree = "<group>"; };
		EA41CD28207CADD7000CE4E5 /* main.m */ = {isa = PBXFileReference; lastKnownFileType = sourcecode.c.objc; path = main.m; sourceTree = "<group>"; };
		EA41CD2E207CADD7000CE4E5 /* TestDemoTests.xctest */ = {isa = PBXFileReference; explicitFileType = wrapper.cfbundle; includeInIndex = 0; path = TestDemoTests.xctest; sourceTree = BUILT_PRODUCTS_DIR; };
		EA41CD32207CADD7000CE4E5 /* TestDemoTests.m */ = {isa = PBXFileReference; lastKnownFileType = sourcecode.c.objc; path = TestDemoTests.m; sourceTree = "<group>"; };
		EA41CD34207CADD7000CE4E5 /* Info.plist */ = {isa = PBXFileReference; lastKnownFileType = text.plist.xml; path = Info.plist; sourceTree = "<group>"; };
		EA41CD39207CADD8000CE4E5 /* TestDemoUITests.xctest */ = {isa = PBXFileReference; explicitFileType = wrapper.cfbundle; includeInIndex = 0; path = TestDemoUITests.xctest; sourceTree = BUILT_PRODUCTS_DIR; };
		EA41CD3D207CADD8000CE4E5 /* TestDemoUITests.m */ = {isa = PBXFileReference; lastKnownFileType = sourcecode.c.objc; path = TestDemoUITests.m; sourceTree = "<group>"; };
		EA41CD3F207CADD8000CE4E5 /* Info.plist */ = {isa = PBXFileReference; lastKnownFileType = text.plist.xml; path = Info.plist; sourceTree = "<group>"; };
/* End PBXFileReference section */

/* Begin PBXFrameworksBuildPhase section */
		EA41CD13207CADD7000CE4E5 /* Frameworks */ = {
			isa = PBXFrameworksBuildPhase;
			buildActionMask = 2147483647;
			files = (
			);
			runOnlyForDeploymentPostprocessing = 0;
		};
		EA41CD2B207CADD7000CE4E5 /* Frameworks */ = {
			isa = PBXFrameworksBuildPhase;
			buildActionMask = 2147483647;
			files = (
			);
			runOnlyForDeploymentPostprocessing = 0;
		};
		EA41CD36207CADD8000CE4E5 /* Frameworks */ = {
			isa = PBXFrameworksBuildPhase;
			buildActionMask = 2147483647;
			files = (
			);
			runOnlyForDeploymentPostprocessing = 0;
		};
/* End PBXFrameworksBuildPhase section */

/* Begin PBXGroup section */
		EA41CD0D207CADD7000CE4E5 = {
			isa = PBXGroup;
			children = (
				EA41CD18207CADD7000CE4E5 /* TestDemo */,
				EA41CD31207CADD7000CE4E5 /* TestDemoTests */,
				EA41CD3C207CADD8000CE4E5 /* TestDemoUITests */,
				EA41CD17207CADD7000CE4E5 /* Products */,
			);
			sourceTree = "<group>";
		};
		EA41CD17207CADD7000CE4E5 /* Products */ = {
			isa = PBXGroup;
			children = (
				EA41CD16207CADD7000CE4E5 /* TestDemo.app */,
				EA41CD2E207CADD7000CE4E5 /* TestDemoTests.xctest */,
				EA41CD39207CADD8000CE4E5 /* TestDemoUITests.xctest */,
			);
			name = Products;
			sourceTree = "<group>";
		};
		EA41CD18207CADD7000CE4E5 /* TestDemo */ = {
			isa = PBXGroup;
			children = (
				0A0FBBA720C8EAC800E6A665 /* 1.jpg */,
				EA41CD19207CADD7000CE4E5 /* AppDelegate.h */,
				EA41CD1A207CADD7000CE4E5 /* AppDelegate.m */,
				EA41CD1C207CADD7000CE4E5 /* ViewController.h */,
				EA41CD1D207CADD7000CE4E5 /* ViewController.m */,
				EA41CD1F207CADD7000CE4E5 /* Main.storyboard */,
				EA41CD22207CADD7000CE4E5 /* Assets.xcassets */,
				EA41CD24207CADD7000CE4E5 /* LaunchScreen.storyboard */,
				EA41CD27207CADD7000CE4E5 /* Info.plist */,
				EA41CD28207CADD7000CE4E5 /* main.m */,
			);
			path = TestDemo;
			sourceTree = "<group>";
		};
		EA41CD31207CADD7000CE4E5 /* TestDemoTests */ = {
			isa = PBXGroup;
			children = (
				EA41CD32207CADD7000CE4E5 /* TestDemoTests.m */,
				EA41CD34207CADD7000CE4E5 /* Info.plist */,
			);
			path = TestDemoTests;
			sourceTree = "<group>";
		};
		EA41CD3C207CADD8000CE4E5 /* TestDemoUITests */ = {
			isa = PBXGroup;
			children = (
				EA41CD3D207CADD8000CE4E5 /* TestDemoUITests.m */,
				EA41CD3F207CADD8000CE4E5 /* Info.plist */,
			);
			path = TestDemoUITests;
			sourceTree = "<group>";
		};
/* End PBXGroup section */

/* Begin PBXNativeTarget section */
		EA41CD15207CADD7000CE4E5 /* TestDemo */ = {
			isa = PBXNativeTarget;
			buildConfigurationList = EA41CD42207CADD8000CE4E5 /* Build configuration list for PBXNativeTarget "TestDemo" */;
			buildPhases = (
				EA41CD12207CADD7000CE4E5 /* Sources */,
				EA41CD13207CADD7000CE4E5 /* Frameworks */,
				EA41CD14207CADD7000CE4E5 /* Resources */,
			);
			buildRules = (
			);
			dependencies = (
			);
			name = TestDemo;
			productName = TestDemo;
			productReference = EA41CD16207CADD7000CE4E5 /* TestDemo.app */;
			productType = "com.apple.product-type.application";
		};
		EA41CD2D207CADD7000CE4E5 /* TestDemoTests */ = {
			isa = PBXNativeTarget;
			buildConfigurationList = EA41CD45207CADD8000CE4E5 /* Build configuration list for PBXNativeTarget "TestDemoTests" */;
			buildPhases = (
				EA41CD2A207CADD7000CE4E5 /* Sources */,
				EA41CD2B207CADD7000CE4E5 /* Frameworks */,
				EA41CD2C207CADD7000CE4E5 /* Resources */,
			);
			buildRules = (
			);
			dependencies = (
				EA41CD30207CADD7000CE4E5 /* PBXTargetDependency */,
			);
			name = TestDemoTests;
			productName = TestDemoTests;
			productReference = EA41CD2E207CADD7000CE4E5 /* TestDemoTests.xctest */;
			productType = "com.apple.product-type.bundle.unit-test";
		};
		EA41CD38207CADD8000CE4E5 /* TestDemoUITests */ = {
			isa = PBXNativeTarget;
			buildConfigurationList = EA41CD48207CADD8000CE4E5 /* Build configuration list for PBXNativeTarget "TestDemoUITests" */;
			buildPhases = (
				EA41CD35207CADD8000CE4E5 /* Sources */,
				EA41CD36207CADD8000CE4E5 /* Frameworks */,
				EA41CD37207CADD8000CE4E5 /* Resources */,
			);
			buildRules = (
			);
			dependencies = (
				EA41CD3B207CADD8000CE4E5 /* PBXTargetDependency */,
			);
			name = TestDemoUITests;
			productName = TestDemoUITests;
			productReference = EA41CD39207CADD8000CE4E5 /* TestDemoUITests.xctest */;
			productType = "com.apple.product-type.bundle.ui-testing";
		};
/* End PBXNativeTarget section */

/* Begin PBXProject section */
		EA41CD0E207CADD7000CE4E5 /* Project object */ = {
			isa = PBXProject;
			attributes = {
				LastUpgradeCheck = 0920;
				ORGANIZATIONNAME = weipeng.mao;
				TargetAttributes = {
					EA41CD15207CADD7000CE4E5 = {
						CreatedOnToolsVersion = 9.2;
						ProvisioningStyle = Automatic;
					};
					EA41CD2D207CADD7000CE4E5 = {
						CreatedOnToolsVersion = 9.2;
						ProvisioningStyle = Automatic;
						TestTargetID = EA41CD15207CADD7000CE4E5;
					};
					EA41CD38207CADD8000CE4E5 = {
						CreatedOnToolsVersion = 9.2;
						ProvisioningStyle = Automatic;
						TestTargetID = EA41CD15207CADD7000CE4E5;
					};
				};
			};
			buildConfigurationList = EA41CD11207CADD7000CE4E5 /* Build configuration list for PBXProject "TestDemo" */;
			compatibilityVersion = "Xcode 8.0";
			developmentRegion = en;
			hasScannedForEncodings = 0;
			knownRegions = (
				en,
				Base,
			);
			mainGroup = EA41CD0D207CADD7000CE4E5;
			productRefGroup = EA41CD17207CADD7000CE4E5 /* Products */;
			projectDirPath = "";
			projectRoot = "";
			targets = (
				EA41CD15207CADD7000CE4E5 /* TestDemo */,
				EA41CD2D207CADD7000CE4E5 /* TestDemoTests */,
				EA41CD38207CADD8000CE4E5 /* TestDemoUITests */,
			);
		};
/* End PBXProject section */

/* Begin PBXResourcesBuildPhase section */
		EA41CD14207CADD7000CE4E5 /* Resources */ = {
			isa = PBXResourcesBuildPhase;
			buildActionMask = 2147483647;
			files = (
				EA41CD26207CADD7000CE4E5 /* LaunchScreen.storyboard in Resources */,
				EA41CD23207CADD7000CE4E5 /* Assets.xcassets in Resources */,
				EA41CD21207CADD7000CE4E5 /* Main.storyboard in Resources */,
				0A0FBBA820C8EAC800E6A665 /* 1.jpg in Resources */,
			);
			runOnlyForDeploymentPostprocessing = 0;
		};
		EA41CD2C207CADD7000CE4E5 /* Resources */ = {
			isa = PBXResourcesBuildPhase;
			buildActionMask = 2147483647;
			files = (
			);
			runOnlyForDeploymentPostprocessing = 0;
		};
		EA41CD37207CADD8000CE4E5 /* Resources */ = {
			isa = PBXResourcesBuildPhase;
			buildActionMask = 2147483647;
			files = (
			);
			runOnlyForDeploymentPostprocessing = 0;
		};
/* End PBXResourcesBuildPhase section */

/* Begin PBXSourcesBuildPhase section */
		EA41CD12207CADD7000CE4E5 /* Sources */ = {
			isa = PBXSourcesBuildPhase;
			buildActionMask = 2147483647;
			files = (
				EA41CD1E207CADD7000CE4E5 /* ViewController.m in Sources */,
				EA41CD29207CADD7000CE4E5 /* main.m in Sources */,
				EA41CD1B207CADD7000CE4E5 /* AppDelegate.m in Sources */,
			);
			runOnlyForDeploymentPostprocessing = 0;
		};
		EA41CD2A207CADD7000CE4E5 /* Sources */ = {
			isa = PBXSourcesBuildPhase;
			buildActionMask = 2147483647;
			files = (
				EA41CD33207CADD7000CE4E5 /* TestDemoTests.m in Sources */,
			);
			runOnlyForDeploymentPostprocessing = 0;
		};
		EA41CD35207CADD8000CE4E5 /* Sources */ = {
			isa = PBXSourcesBuildPhase;
			buildActionMask = 2147483647;
			files = (
				EA41CD3E207CADD8000CE4E5 /* TestDemoUITests.m in Sources */,
			);
			runOnlyForDeploymentPostprocessing = 0;
		};
/* End PBXSourcesBuildPhase section */

/* Begin PBXTargetDependency section */
		EA41CD30207CADD7000CE4E5 /* PBXTargetDependency */ = {
			isa = PBXTargetDependency;
			target = EA41CD15207CADD7000CE4E5 /* TestDemo */;
			targetProxy = EA41CD2F207CADD7000CE4E5 /* PBXContainerItemProxy */;
		};
		EA41CD3B207CADD8000CE4E5 /* PBXTargetDependency */ = {
			isa = PBXTargetDependency;
			target = EA41CD15207CADD7000CE4E5 /* TestDemo */;
			targetProxy = EA41CD3A207CADD8000CE4E5 /* PBXContainerItemProxy */;
		};
/* End PBXTargetDependency section */

/* Begin PBXVariantGroup section */
		EA41CD1F207CADD7000CE4E5 /* Main.storyboard */ = {
			isa = PBXVariantGroup;
			children = (
				EA41CD20207CADD7000CE4E5 /* Base */,
			);
			name = Main.storyboard;
			sourceTree = "<group>";
		};
		EA41CD24207CADD7000CE4E5 /* LaunchScreen.storyboard */ = {
			isa = PBXVariantGroup;
			children = (
				EA41CD25207CADD7000CE4E5 /* Base */,
			);
			name = LaunchScreen.storyboard;
			sourceTree = "<group>";
		};
/* End PBXVariantGroup section */

/* Begin XCBuildConfiguration section */
		EA41CD40207CADD8000CE4E5 /* Debug */ = {
			isa = XCBuildConfiguration;
			buildSettings = {
				ALWAYS_SEARCH_USER_PATHS = NO;
				CLANG_ANALYZER_NONNULL = YES;
				CLANG_ANALYZER_NUMBER_OBJECT_CONVERSION = YES_AGGRESSIVE;
				CLANG_CXX_LANGUAGE_STANDARD = "gnu++14";
				CLANG_CXX_LIBRARY = "libc++";
				CLANG_ENABLE_MODULES = YES;
				CLANG_ENABLE_OBJC_ARC = YES;
				CLANG_WARN_BLOCK_CAPTURE_AUTORELEASING = YES;
				CLANG_WARN_BOOL_CONVERSION = YES;
				CLANG_WARN_COMMA = YES;
				CLANG_WARN_CONSTANT_CONVERSION = YES;
				CLANG_WARN_DIRECT_OBJC_ISA_USAGE = YES_ERROR;
				CLANG_WARN_DOCUMENTATION_COMMENTS = YES;
				CLANG_WARN_EMPTY_BODY = YES;
				CLANG_WARN_ENUM_CONVERSION = YES;
				CLANG_WARN_INFINITE_RECURSION = YES;
				CLANG_WARN_INT_CONVERSION = YES;
				CLANG_WARN_NON_LITERAL_NULL_CONVERSION = YES;
				CLANG_WARN_OBJC_LITERAL_CONVERSION = YES;
				CLANG_WARN_OBJC_ROOT_CLASS = YES_ERROR;
				CLANG_WARN_RANGE_LOOP_ANALYSIS = YES;
				CLANG_WARN_STRICT_PROTOTYPES = YES;
				CLANG_WARN_SUSPICIOUS_MOVE = YES;
				CLANG_WARN_UNGUARDED_AVAILABILITY = YES_AGGRESSIVE;
				CLANG_WARN_UNREACHABLE_CODE = YES;
				CLANG_WARN__DUPLICATE_METHOD_MATCH = YES;
				CODE_SIGN_IDENTITY = "iPhone Developer";
				COPY_PHASE_STRIP = NO;
				DEBUG_INFORMATION_FORMAT = dwarf;
				ENABLE_STRICT_OBJC_MSGSEND = YES;
				ENABLE_TESTABILITY = YES;
				GCC_C_LANGUAGE_STANDARD = gnu11;
				GCC_DYNAMIC_NO_PIC = NO;
				GCC_NO_COMMON_BLOCKS = YES;
				GCC_OPTIMIZATION_LEVEL = 0;
				GCC_PREPROCESSOR_DEFINITIONS = (
					"DEBUG=1",
					"$(inherited)",
				);
				GCC_WARN_64_TO_32_BIT_CONVERSION = YES;
				GCC_WARN_ABOUT_RETURN_TYPE = YES_ERROR;
				GCC_WARN_UNDECLARED_SELECTOR = YES;
				GCC_WARN_UNINITIALIZED_AUTOS = YES_AGGRESSIVE;
				GCC_WARN_UNUSED_FUNCTION = YES;
				GCC_WARN_UNUSED_VARIABLE = YES;
				IPHONEOS_DEPLOYMENT_TARGET = 11.2;
				MTL_ENABLE_DEBUG_INFO = YES;
				ONLY_ACTIVE_ARCH = YES;
				SDKROOT = iphoneos;
			};
			name = Debug;
		};
		EA41CD41207CADD8000CE4E5 /* Release */ = {
			isa = XCBuildConfiguration;
			buildSettings = {
				ALWAYS_SEARCH_USER_PATHS = NO;
				CLANG_ANALYZER_NONNULL = YES;
				CLANG_ANALYZER_NUMBER_OBJECT_CONVERSION = YES_AGGRESSIVE;
				CLANG_CXX_LANGUAGE_STANDARD = "gnu++14";
				CLANG_CXX_LIBRARY = "libc++";
				CLANG_ENABLE_MODULES = YES;
				CLANG_ENABLE_OBJC_ARC = YES;
				CLANG_WARN_BLOCK_CAPTURE_AUTORELEASING = YES;
				CLANG_WARN_BOOL_CONVERSION = YES;
				CLANG_WARN_COMMA = YES;
				CLANG_WARN_CONSTANT_CONVERSION = YES;
				CLANG_WARN_DIRECT_OBJC_ISA_USAGE = YES_ERROR;
				CLANG_WARN_DOCUMENTATION_COMMENTS = YES;
				CLANG_WARN_EMPTY_BODY = YES;
				CLANG_WARN_ENUM_CONVERSION = YES;
				CLANG_WARN_INFINITE_RECURSION = YES;
				CLANG_WARN_INT_CONVERSION = YES;
				CLANG_WARN_NON_LITERAL_NULL_CONVERSION = YES;
				CLANG_WARN_OBJC_LITERAL_CONVERSION = YES;
				CLANG_WARN_OBJC_ROOT_CLASS = YES_ERROR;
				CLANG_WARN_RANGE_LOOP_ANALYSIS = YES;
				CLANG_WARN_STRICT_PROTOTYPES = YES;
				CLANG_WARN_SUSPICIOUS_MOVE = YES;
				CLANG_WARN_UNGUARDED_AVAILABILITY = YES_AGGRESSIVE;
				CLANG_WARN_UNREACHABLE_CODE = YES;
				CLANG_WARN__DUPLICATE_METHOD_MATCH = YES;
				CODE_SIGN_IDENTITY = "iPhone Developer";
				COPY_PHASE_STRIP = NO;
				DEBUG_INFORMATION_FORMAT = "dwarf-with-dsym";
				ENABLE_NS_ASSERTIONS = NO;
				ENABLE_STRICT_OBJC_MSGSEND = YES;
				GCC_C_LANGUAGE_STANDARD = gnu11;
				GCC_NO_COMMON_BLOCKS = YES;
				GCC_WARN_64_TO_32_BIT_CONVERSION = YES;
				GCC_WARN_ABOUT_RETURN_TYPE = YES_ERROR;
				GCC_WARN_UNDECLARED_SELECTOR = YES;
				GCC_WARN_UNINITIALIZED_AUTOS = YES_AGGRESSIVE;
				GCC_WARN_UNUSED_FUNCTION = YES;
				GCC_WARN_UNUSED_VARIABLE = YES;
				IPHONEOS_DEPLOYMENT_TARGET = 11.2;
				MTL_ENABLE_DEBUG_INFO = NO;
				SDKROOT = iphoneos;
				VALIDATE_PRODUCT = YES;
			};
			name = Release;
		};
		EA41CD43207CADD8000CE4E5 /* Debug */ = {
			isa = XCBuildConfiguration;
			buildSettings = {
				ASSETCATALOG_COMPILER_APPICON_NAME = AppIcon;
				CODE_SIGN_STYLE = Automatic;
				DEVELOPMENT_TEAM = 8GW64V7XCK;
				INFOPLIST_FILE = TestDemo/Info.plist;
				LD_RUNPATH_SEARCH_PATHS = "$(inherited) @executable_path/Frameworks";
				PRODUCT_BUNDLE_IDENTIFIER = com..TestDemo;
				PRODUCT_NAME = "$(TARGET_NAME)";
				TARGETED_DEVICE_FAMILY = "1,2";
			};
			name = Debug;
		};
		EA41CD44207CADD8000CE4E5 /* Release */ = {
			isa = XCBuildConfiguration;
			buildSettings = {
				ASSETCATALOG_COMPILER_APPICON_NAME = AppIcon;
				CODE_SIGN_STYLE = Automatic;
				DEVELOPMENT_TEAM = 8GW64V7XCK;
				INFOPLIST_FILE = TestDemo/Info.plist;
				LD_RUNPATH_SEARCH_PATHS = "$(inherited) @executable_path/Frameworks";
				PRODUCT_BUNDLE_IDENTIFIER = com..TestDemo;
				PRODUCT_NAME = "$(TARGET_NAME)";
				TARGETED_DEVICE_FAMILY = "1,2";
			};
			name = Release;
		};
		EA41CD46207CADD8000CE4E5 /* Debug */ = {
			isa = XCBuildConfiguration;
			buildSettings = {
				BUNDLE_LOADER = "$(TEST_HOST)";
				CODE_SIGN_STYLE = Automatic;
				INFOPLIST_FILE = TestDemoTests/Info.plist;
				LD_RUNPATH_SEARCH_PATHS = "$(inherited) @executable_path/Frameworks @loader_path/Frameworks";
				PRODUCT_BUNDLE_IDENTIFIER = com..TestDemoTests;
				PRODUCT_NAME = "$(TARGET_NAME)";
				TARGETED_DEVICE_FAMILY = "1,2";
				TEST_HOST = "$(BUILT_PRODUCTS_DIR)/TestDemo.app/TestDemo";
			};
			name = Debug;
		};
		EA41CD47207CADD8000CE4E5 /* Release */ = {
			isa = XCBuildConfiguration;
			buildSettings = {
				BUNDLE_LOADER = "$(TEST_HOST)";
				CODE_SIGN_STYLE = Automatic;
				INFOPLIST_FILE = TestDemoTests/Info.plist;
				LD_RUNPATH_SEARCH_PATHS = "$(inherited) @executable_path/Frameworks @loader_path/Frameworks";
				PRODUCT_BUNDLE_IDENTIFIER = com..TestDemoTests;
				PRODUCT_NAME = "$(TARGET_NAME)";
				TARGETED_DEVICE_FAMILY = "1,2";
				TEST_HOST = "$(BUILT_PRODUCTS_DIR)/TestDemo.app/TestDemo";
			};
			name = Release;
		};
		EA41CD49207CADD8000CE4E5 /* Debug */ = {
			isa = XCBuildConfiguration;
			buildSettings = {
				CODE_SIGN_STYLE = Automatic;
				INFOPLIST_FILE = TestDemoUITests/Info.plist;
				LD_RUNPATH_SEARCH_PATHS = "$(inherited) @executable_path/Frameworks @loader_path/Frameworks";
				PRODUCT_BUNDLE_IDENTIFIER = com..TestDemoUITests;
				PRODUCT_NAME = "$(TARGET_NAME)";
				TARGETED_DEVICE_FAMILY = "1,2";
				TEST_TARGET_NAME = TestDemo;
			};
			name = Debug;
		};
		EA41CD4A207CADD8000CE4E5 /* Release */ = {
			isa = XCBuildConfiguration;
			buildSettings = {
				CODE_SIGN_STYLE = Automatic;
				INFOPLIST_FILE = TestDemoUITests/Info.plist;
				LD_RUNPATH_SEARCH_PATHS = "$(inherited) @executable_path/Frameworks @loader_path/Frameworks";
				PRODUCT_BUNDLE_IDENTIFIER = com..TestDemoUITests;
				PRODUCT_NAME = "$(TARGET_NAME)";
				TARGETED_DEVICE_FAMILY = "1,2";
				TEST_TARGET_NAME = TestDemo;
			};
			name = Release;
		};
/* End XCBuildConfiguration section */

/* Begin XCConfigurationList section */
		EA41CD11207CADD7000CE4E5 /* Build configuration list for PBXProject "TestDemo" */ = {
			isa = XCConfigurationList;
			buildConfigurations = (
				EA41CD40207CADD8000CE4E5 /* Debug */,
				EA41CD41207CADD8000CE4E5 /* Release */,
			);
			defaultConfigurationIsVisible = 0;
			defaultConfigurationName = Release;
		};
		EA41CD42207CADD8000CE4E5 /* Build configuration list for PBXNativeTarget "TestDemo" */ = {
			isa = XCConfigurationList;
			buildConfigurations = (
				EA41CD43207CADD8000CE4E5 /* Debug */,
				EA41CD44207CADD8000CE4E5 /* Release */,
			);
			defaultConfigurationIsVisible = 0;
			defaultConfigurationName = Release;
		};
		EA41CD45207CADD8000CE4E5 /* Build configuration list for PBXNativeTarget "TestDemoTests" */ = {
			isa = XCConfigurationList;
			buildConfigurations = (
				EA41CD46207CADD8000CE4E5 /* Debug */,
				EA41CD47207CADD8000CE4E5 /* Release */,
			);
			defaultConfigurationIsVisible = 0;
			defaultConfigurationName = Release;
		};
		EA41CD48207CADD8000CE4E5 /* Build configuration list for PBXNativeTarget "TestDemoUITests" */ = {
			isa = XCConfigurationList;
			buildConfigurations = (
				EA41CD49207CADD8000CE4E5 /* Debug */,
				EA41CD4A207CADD8000CE4E5 /* Release */,
			);
			defaultConfigurationIsVisible = 0;
			defaultConfigurationName = Release;
		};
/* End XCConfigurationList section */
	};
	rootObject = EA41CD0E207CADD7000CE4E5 /* Project object */;
}
